// !$*UTF8*$!
{
	archiveVersion = 1;
	classes = {
	};
	objectVersion = 46;
	objects = {

/* Begin PBXBuildFile section */
		AE00448E1B46374B0068F806 /* libsqlite3.dylib in Frameworks */ = {isa = PBXBuildFile; fileRef = AE00448D1B46374B0068F806 /* libsqlite3.dylib */; };
		AE0044901B46375F0068F806 /* Bolts.framework in Frameworks */ = {isa = PBXBuildFile; fileRef = AE00448F1B46375F0068F806 /* Bolts.framework */; };
		AE306A681B099AD70058E9E2 /* PhotoCollectionViewCell.m in Sources */ = {isa = PBXBuildFile; fileRef = AE306A661B099AD70058E9E2 /* PhotoCollectionViewCell.m */; };
		AE306A691B099AD70058E9E2 /* PhotoCollectionViewCell.xib in Resources */ = {isa = PBXBuildFile; fileRef = AE306A671B099AD70058E9E2 /* PhotoCollectionViewCell.xib */; };
		AE306A6E1B09D43A0058E9E2 /* RequestPhotoDescriptionTableViewController.m in Sources */ = {isa = PBXBuildFile; fileRef = AE306A6D1B09D43A0058E9E2 /* RequestPhotoDescriptionTableViewController.m */; };
		AE58EF181B0585D400372A5F /* RequestPhotoCollectionViewController.m in Sources */ = {isa = PBXBuildFile; fileRef = AE58EF171B0585D400372A5F /* RequestPhotoCollectionViewController.m */; };
		AE58EF1B1B05A59E00372A5F /* RequestPhotoDescriptionViewController.m in Sources */ = {isa = PBXBuildFile; fileRef = AE58EF1A1B05A59E00372A5F /* RequestPhotoDescriptionViewController.m */; };
		AE58EF211B05BBC600372A5F /* image1.jpg in Resources */ = {isa = PBXBuildFile; fileRef = AE58EF1C1B05BBC600372A5F /* image1.jpg */; };
		AE58EF221B05BBC600372A5F /* image2.jpg in Resources */ = {isa = PBXBuildFile; fileRef = AE58EF1D1B05BBC600372A5F /* image2.jpg */; };
		AE58EF231B05BBC600372A5F /* image3.jpg in Resources */ = {isa = PBXBuildFile; fileRef = AE58EF1E1B05BBC600372A5F /* image3.jpg */; };
		AE58EF241B05BBC600372A5F /* image4.jpg in Resources */ = {isa = PBXBuildFile; fileRef = AE58EF1F1B05BBC600372A5F /* image4.jpg */; };
		AE58EF251B05BBC600372A5F /* image5.jpg in Resources */ = {isa = PBXBuildFile; fileRef = AE58EF201B05BBC600372A5F /* image5.jpg */; };
		AE5CDBB71B019ED30035C366 /* main.m in Sources */ = {isa = PBXBuildFile; fileRef = AE5CDBB61B019ED30035C366 /* main.m */; };
		AE5CDBBA1B019ED30035C366 /* AppDelegate.m in Sources */ = {isa = PBXBuildFile; fileRef = AE5CDBB91B019ED30035C366 /* AppDelegate.m */; };
		AE5CDBBD1B019ED30035C366 /* IT_Support.xcdatamodeld in Sources */ = {isa = PBXBuildFile; fileRef = AE5CDBBB1B019ED30035C366 /* IT_Support.xcdatamodeld */; };
		AE5CDBC01B019ED30035C366 /* ViewController.m in Sources */ = {isa = PBXBuildFile; fileRef = AE5CDBBF1B019ED30035C366 /* ViewController.m */; };
		AE5CDBC31B019ED30035C366 /* Main.storyboard in Resources */ = {isa = PBXBuildFile; fileRef = AE5CDBC11B019ED30035C366 /* Main.storyboard */; };
		AE5CDBC81B019ED30035C366 /* LaunchScreen.xib in Resources */ = {isa = PBXBuildFile; fileRef = AE5CDBC61B019ED30035C366 /* LaunchScreen.xib */; };
		AE5CDBD41B019ED30035C366 /* IT_SupportTests.m in Sources */ = {isa = PBXBuildFile; fileRef = AE5CDBD31B019ED30035C366 /* IT_SupportTests.m */; };
		AE5CDC031B01DC1A0035C366 /* AFHTTPRequestOperation.m in Sources */ = {isa = PBXBuildFile; fileRef = AE5CDBDF1B01DC1A0035C366 /* AFHTTPRequestOperation.m */; };
		AE5CDC041B01DC1A0035C366 /* AFHTTPRequestOperationManager.m in Sources */ = {isa = PBXBuildFile; fileRef = AE5CDBE11B01DC1A0035C366 /* AFHTTPRequestOperationManager.m */; };
		AE5CDC051B01DC1A0035C366 /* AFHTTPSessionManager.m in Sources */ = {isa = PBXBuildFile; fileRef = AE5CDBE31B01DC1A0035C366 /* AFHTTPSessionManager.m */; };
		AE5CDC061B01DC1A0035C366 /* AFNetworkReachabilityManager.m in Sources */ = {isa = PBXBuildFile; fileRef = AE5CDBE61B01DC1A0035C366 /* AFNetworkReachabilityManager.m */; };
		AE5CDC071B01DC1A0035C366 /* AFSecurityPolicy.m in Sources */ = {isa = PBXBuildFile; fileRef = AE5CDBE81B01DC1A0035C366 /* AFSecurityPolicy.m */; };
		AE5CDC081B01DC1A0035C366 /* AFURLConnectionOperation.m in Sources */ = {isa = PBXBuildFile; fileRef = AE5CDBEA1B01DC1A0035C366 /* AFURLConnectionOperation.m */; };
		AE5CDC091B01DC1A0035C366 /* AFURLRequestSerialization.m in Sources */ = {isa = PBXBuildFile; fileRef = AE5CDBEC1B01DC1A0035C366 /* AFURLRequestSerialization.m */; };
		AE5CDC0A1B01DC1A0035C366 /* AFURLResponseSerialization.m in Sources */ = {isa = PBXBuildFile; fileRef = AE5CDBEE1B01DC1A0035C366 /* AFURLResponseSerialization.m */; };
		AE5CDC0B1B01DC1A0035C366 /* AFURLSessionManager.m in Sources */ = {isa = PBXBuildFile; fileRef = AE5CDBF01B01DC1A0035C366 /* AFURLSessionManager.m */; };
		AE5CDC0C1B01DC1A0035C366 /* AFNetworkActivityIndicatorManager.m in Sources */ = {isa = PBXBuildFile; fileRef = AE5CDBF31B01DC1A0035C366 /* AFNetworkActivityIndicatorManager.m */; };
		AE5CDC0D1B01DC1A0035C366 /* UIActivityIndicatorView+AFNetworking.m in Sources */ = {isa = PBXBuildFile; fileRef = AE5CDBF51B01DC1A0035C366 /* UIActivityIndicatorView+AFNetworking.m */; };
		AE5CDC0E1B01DC1A0035C366 /* UIAlertView+AFNetworking.m in Sources */ = {isa = PBXBuildFile; fileRef = AE5CDBF71B01DC1A0035C366 /* UIAlertView+AFNetworking.m */; };
		AE5CDC0F1B01DC1A0035C366 /* UIButton+AFNetworking.m in Sources */ = {isa = PBXBuildFile; fileRef = AE5CDBF91B01DC1A0035C366 /* UIButton+AFNetworking.m */; };
		AE5CDC101B01DC1A0035C366 /* UIImageView+AFNetworking.m in Sources */ = {isa = PBXBuildFile; fileRef = AE5CDBFB1B01DC1A0035C366 /* UIImageView+AFNetworking.m */; };
		AE5CDC111B01DC1A0035C366 /* UIProgressView+AFNetworking.m in Sources */ = {isa = PBXBuildFile; fileRef = AE5CDBFE1B01DC1A0035C366 /* UIProgressView+AFNetworking.m */; };
		AE5CDC121B01DC1A0035C366 /* UIRefreshControl+AFNetworking.m in Sources */ = {isa = PBXBuildFile; fileRef = AE5CDC001B01DC1A0035C366 /* UIRefreshControl+AFNetworking.m */; };
		AE5CDC131B01DC1A0035C366 /* UIWebView+AFNetworking.m in Sources */ = {isa = PBXBuildFile; fileRef = AE5CDC021B01DC1A0035C366 /* UIWebView+AFNetworking.m */; };
		AE5CDC161B01DC210035C366 /* MBProgressHUD.m in Sources */ = {isa = PBXBuildFile; fileRef = AE5CDC151B01DC210035C366 /* MBProgressHUD.m */; };
		AE6C22781B58A5F8004E801B /* FBSDKCoreKit.framework in Frameworks */ = {isa = PBXBuildFile; fileRef = AE6C22771B58A5F8004E801B /* FBSDKCoreKit.framework */; };
		AE6C227B1B58EA41004E801B /* AboutTableViewController.m in Sources */ = {isa = PBXBuildFile; fileRef = AE6C227A1B58EA41004E801B /* AboutTableViewController.m */; };
		AEBA64D01B56483500E2B131 /* QuartzCore.framework in Frameworks */ = {isa = PBXBuildFile; fileRef = AEBA64CF1B56483500E2B131 /* QuartzCore.framework */; };
		AEBA92071B0B24A400447AA1 /* RequestListTableViewController.m in Sources */ = {isa = PBXBuildFile; fileRef = AEBA92061B0B24A400447AA1 /* RequestListTableViewController.m */; };
		AEBA920A1B0B257C00447AA1 /* MenuListViewController.xib in Resources */ = {isa = PBXBuildFile; fileRef = AEBA92091B0B257C00447AA1 /* MenuListViewController.xib */; };
		AEBA920D1B0B258D00447AA1 /* MenuListViewController.m in Sources */ = {isa = PBXBuildFile; fileRef = AEBA920C1B0B258D00447AA1 /* MenuListViewController.m */; };
		AEBA92111B0B28CE00447AA1 /* LoginViewController.m in Sources */ = {isa = PBXBuildFile; fileRef = AEBA92101B0B28CE00447AA1 /* LoginViewController.m */; };
		AEBA92151B0B2C8E00447AA1 /* RequestDetailTableViewController.m in Sources */ = {isa = PBXBuildFile; fileRef = AEBA92141B0B2C8E00447AA1 /* RequestDetailTableViewController.m */; };
		AECC47FF1B5737C4007BE0A7 /* UpdatePagesViewController.m in Sources */ = {isa = PBXBuildFile; fileRef = AECC47FE1B5737C4007BE0A7 /* UpdatePagesViewController.m */; };
		AECE68361B4CE7D700386ABC /* Images.xcassets in Resources */ = {isa = PBXBuildFile; fileRef = AECE68351B4CE7D700386ABC /* Images.xcassets */; };
		AED1AD211B0C28EB0020B054 /* SignInViewController.m in Sources */ = {isa = PBXBuildFile; fileRef = AED1AD201B0C28EB0020B054 /* SignInViewController.m */; };
		AED1AD281B0C64990020B054 /* RequestListTableViewCell.m in Sources */ = {isa = PBXBuildFile; fileRef = AED1AD261B0C64990020B054 /* RequestListTableViewCell.m */; };
		AED1AD291B0C64990020B054 /* RequestListTableViewCell.xib in Resources */ = {isa = PBXBuildFile; fileRef = AED1AD271B0C64990020B054 /* RequestListTableViewCell.xib */; };
		AED41F661B4F5E5A00DB9522 /* AppHelper.m in Sources */ = {isa = PBXBuildFile; fileRef = AED41F651B4F5E5A00DB9522 /* AppHelper.m */; };
		AED5D37B1B3CE53100C33FC0 /* ConnectServerViewController.m in Sources */ = {isa = PBXBuildFile; fileRef = AED5D37A1B3CE53100C33FC0 /* ConnectServerViewController.m */; };
		AED8C65E1B12C59100CC9831 /* AddUserInfoViewController.m in Sources */ = {isa = PBXBuildFile; fileRef = AED8C65D1B12C59100CC9831 /* AddUserInfoViewController.m */; };
		AEDA27351B0309420007DE11 /* SelectCategoryTableViewController.m in Sources */ = {isa = PBXBuildFile; fileRef = AEDA27341B0309420007DE11 /* SelectCategoryTableViewController.m */; };
		AEDAA0F31B295146007F5B86 /* UserSettingTableViewController.m in Sources */ = {isa = PBXBuildFile; fileRef = AEDAA0F21B295146007F5B86 /* UserSettingTableViewController.m */; };
		AEDB5EE41B0AE0DC007C3DAD /* RequestReviewTableViewController.m in Sources */ = {isa = PBXBuildFile; fileRef = AEDB5EE31B0AE0DC007C3DAD /* RequestReviewTableViewController.m */; };
		AEDD2ED01B3B8B46000BCCA7 /* UpdatePasswordViewController.m in Sources */ = {isa = PBXBuildFile; fileRef = AEDD2ECF1B3B8B46000BCCA7 /* UpdatePasswordViewController.m */; };
		AEDD2ED31B3B991C000BCCA7 /* UpdateContactNumberViewController.m in Sources */ = {isa = PBXBuildFile; fileRef = AEDD2ED21B3B991C000BCCA7 /* UpdateContactNumberViewController.m */; };
		AEDD2ED61B3BA0F1000BCCA7 /* ForgotPasswordViewController.m in Sources */ = {isa = PBXBuildFile; fileRef = AEDD2ED51B3BA0F1000BCCA7 /* ForgotPasswordViewController.m */; };
		AEDDA5331B1846BA008213BE /* ImageViewController.m in Sources */ = {isa = PBXBuildFile; fileRef = AEDDA5321B1846BA008213BE /* ImageViewController.m */; };
		AEDFA7F21B38D0480086C816 /* FBSDKShareKit.framework in Frameworks */ = {isa = PBXBuildFile; fileRef = AEDFA7F01B38D0480086C816 /* FBSDKShareKit.framework */; };
		AEE684231B03255A005F9AE7 /* SelectSubCategoryTableViewController.m in Sources */ = {isa = PBXBuildFile; fileRef = AEE684221B03255A005F9AE7 /* SelectSubCategoryTableViewController.m */; };
		AEE684261B032D36005F9AE7 /* RequestTableViewController.m in Sources */ = {isa = PBXBuildFile; fileRef = AEE684251B032D36005F9AE7 /* RequestTableViewController.m */; };
/* End PBXBuildFile section */

/* Begin PBXContainerItemProxy section */
		AE5CDBCE1B019ED30035C366 /* PBXContainerItemProxy */ = {
			isa = PBXContainerItemProxy;
			containerPortal = AE5CDBA91B019ED30035C366 /* Project object */;
			proxyType = 1;
			remoteGlobalIDString = AE5CDBB01B019ED30035C366;
			remoteInfo = "IT Support";
		};
/* End PBXContainerItemProxy section */

/* Begin PBXFileReference section */
		AE00448D1B46374B0068F806 /* libsqlite3.dylib */ = {isa = PBXFileReference; lastKnownFileType = "compiled.mach-o.dylib"; name = libsqlite3.dylib; path = usr/lib/libsqlite3.dylib; sourceTree = SDKROOT; };
		AE00448F1B46375F0068F806 /* Bolts.framework */ = {isa = PBXFileReference; lastKnownFileType = wrapper.framework; name = Bolts.framework; path = "../../../002 3rd Party Library/005 FacebookSDK/Bolts.framework"; sourceTree = "<group>"; };
		AE306A651B099AD70058E9E2 /* PhotoCollectionViewCell.h */ = {isa = PBXFileReference; fileEncoding = 4; lastKnownFileType = sourcecode.c.h; path = PhotoCollectionViewCell.h; sourceTree = "<group>"; };
		AE306A661B099AD70058E9E2 /* PhotoCollectionViewCell.m */ = {isa = PBXFileReference; fileEncoding = 4; lastKnownFileType = sourcecode.c.objc; path = PhotoCollectionViewCell.m; sourceTree = "<group>"; };
		AE306A671B099AD70058E9E2 /* PhotoCollectionViewCell.xib */ = {isa = PBXFileReference; fileEncoding = 4; lastKnownFileType = file.xib; path = PhotoCollectionViewCell.xib; sourceTree = "<group>"; };
		AE306A6C1B09D43A0058E9E2 /* RequestPhotoDescriptionTableViewController.h */ = {isa = PBXFileReference; fileEncoding = 4; lastKnownFileType = sourcecode.c.h; path = RequestPhotoDescriptionTableViewController.h; sourceTree = "<group>"; };
		AE306A6D1B09D43A0058E9E2 /* RequestPhotoDescriptionTableViewController.m */ = {isa = PBXFileReference; fileEncoding = 4; lastKnownFileType = sourcecode.c.objc; path = RequestPhotoDescriptionTableViewController.m; sourceTree = "<group>"; };
		AE58EF161B0585D400372A5F /* RequestPhotoCollectionViewController.h */ = {isa = PBXFileReference; fileEncoding = 4; lastKnownFileType = sourcecode.c.h; path = RequestPhotoCollectionViewController.h; sourceTree = "<group>"; };
		AE58EF171B0585D400372A5F /* RequestPhotoCollectionViewController.m */ = {isa = PBXFileReference; fileEncoding = 4; lastKnownFileType = sourcecode.c.objc; path = RequestPhotoCollectionViewController.m; sourceTree = "<group>"; };
		AE58EF191B05A59E00372A5F /* RequestPhotoDescriptionViewController.h */ = {isa = PBXFileReference; fileEncoding = 4; lastKnownFileType = sourcecode.c.h; path = RequestPhotoDescriptionViewController.h; sourceTree = "<group>"; };
		AE58EF1A1B05A59E00372A5F /* RequestPhotoDescriptionViewController.m */ = {isa = PBXFileReference; fileEncoding = 4; lastKnownFileType = sourcecode.c.objc; path = RequestPhotoDescriptionViewController.m; sourceTree = "<group>"; };
		AE58EF1C1B05BBC600372A5F /* image1.jpg */ = {isa = PBXFileReference; lastKnownFileType = image.jpeg; path = image1.jpg; sourceTree = "<group>"; };
		AE58EF1D1B05BBC600372A5F /* image2.jpg */ = {isa = PBXFileReference; lastKnownFileType = image.jpeg; path = image2.jpg; sourceTree = "<group>"; };
		AE58EF1E1B05BBC600372A5F /* image3.jpg */ = {isa = PBXFileReference; lastKnownFileType = image.jpeg; path = image3.jpg; sourceTree = "<group>"; };
		AE58EF1F1B05BBC600372A5F /* image4.jpg */ = {isa = PBXFileReference; lastKnownFileType = image.jpeg; path = image4.jpg; sourceTree = "<group>"; };
		AE58EF201B05BBC600372A5F /* image5.jpg */ = {isa = PBXFileReference; lastKnownFileType = image.jpeg; path = image5.jpg; sourceTree = "<group>"; };
		AE5CDBB11B019ED30035C366 /* IT Support.app */ = {isa = PBXFileReference; explicitFileType = wrapper.application; includeInIndex = 0; path = "IT Support.app"; sourceTree = BUILT_PRODUCTS_DIR; };
		AE5CDBB51B019ED30035C366 /* Info.plist */ = {isa = PBXFileReference; lastKnownFileType = text.plist.xml; path = Info.plist; sourceTree = "<group>"; };
		AE5CDBB61B019ED30035C366 /* main.m */ = {isa = PBXFileReference; lastKnownFileType = sourcecode.c.objc; path = main.m; sourceTree = "<group>"; };
		AE5CDBB81B019ED30035C366 /* AppDelegate.h */ = {isa = PBXFileReference; lastKnownFileType = sourcecode.c.h; path = AppDelegate.h; sourceTree = "<group>"; };
		AE5CDBB91B019ED30035C366 /* AppDelegate.m */ = {isa = PBXFileReference; lastKnownFileType = sourcecode.c.objc; path = AppDelegate.m; sourceTree = "<group>"; };
		AE5CDBBC1B019ED30035C366 /* IT_Support.xcdatamodel */ = {isa = PBXFileReference; lastKnownFileType = wrapper.xcdatamodel; path = IT_Support.xcdatamodel; sourceTree = "<group>"; };
		AE5CDBBE1B019ED30035C366 /* ViewController.h */ = {isa = PBXFileReference; lastKnownFileType = sourcecode.c.h; path = ViewController.h; sourceTree = "<group>"; };
		AE5CDBBF1B019ED30035C366 /* ViewController.m */ = {isa = PBXFileReference; lastKnownFileType = sourcecode.c.objc; path = ViewController.m; sourceTree = "<group>"; };
		AE5CDBC21B019ED30035C366 /* Base */ = {isa = PBXFileReference; lastKnownFileType = file.storyboard; name = Base; path = Base.lproj/Main.storyboard; sourceTree = "<group>"; };
		AE5CDBC71B019ED30035C366 /* Base */ = {isa = PBXFileReference; lastKnownFileType = file.xib; name = Base; path = Base.lproj/LaunchScreen.xib; sourceTree = "<group>"; };
		AE5CDBCD1B019ED30035C366 /* IT SupportTests.xctest */ = {isa = PBXFileReference; explicitFileType = wrapper.cfbundle; includeInIndex = 0; path = "IT SupportTests.xctest"; sourceTree = BUILT_PRODUCTS_DIR; };
		AE5CDBD21B019ED30035C366 /* Info.plist */ = {isa = PBXFileReference; lastKnownFileType = text.plist.xml; path = Info.plist; sourceTree = "<group>"; };
		AE5CDBD31B019ED30035C366 /* IT_SupportTests.m */ = {isa = PBXFileReference; lastKnownFileType = sourcecode.c.objc; path = IT_SupportTests.m; sourceTree = "<group>"; };
		AE5CDBDE1B01DC1A0035C366 /* AFHTTPRequestOperation.h */ = {isa = PBXFileReference; fileEncoding = 4; lastKnownFileType = sourcecode.c.h; path = AFHTTPRequestOperation.h; sourceTree = "<group>"; };
		AE5CDBDF1B01DC1A0035C366 /* AFHTTPRequestOperation.m */ = {isa = PBXFileReference; fileEncoding = 4; lastKnownFileType = sourcecode.c.objc; path = AFHTTPRequestOperation.m; sourceTree = "<group>"; };
		AE5CDBE01B01DC1A0035C366 /* AFHTTPRequestOperationManager.h */ = {isa = PBXFileReference; fileEncoding = 4; lastKnownFileType = sourcecode.c.h; path = AFHTTPRequestOperationManager.h; sourceTree = "<group>"; };
		AE5CDBE11B01DC1A0035C366 /* AFHTTPRequestOperationManager.m */ = {isa = PBXFileReference; fileEncoding = 4; lastKnownFileType = sourcecode.c.objc; path = AFHTTPRequestOperationManager.m; sourceTree = "<group>"; };
		AE5CDBE21B01DC1A0035C366 /* AFHTTPSessionManager.h */ = {isa = PBXFileReference; fileEncoding = 4; lastKnownFileType = sourcecode.c.h; path = AFHTTPSessionManager.h; sourceTree = "<group>"; };
		AE5CDBE31B01DC1A0035C366 /* AFHTTPSessionManager.m */ = {isa = PBXFileReference; fileEncoding = 4; lastKnownFileType = sourcecode.c.objc; path = AFHTTPSessionManager.m; sourceTree = "<group>"; };
		AE5CDBE41B01DC1A0035C366 /* AFNetworking.h */ = {isa = PBXFileReference; fileEncoding = 4; lastKnownFileType = sourcecode.c.h; path = AFNetworking.h; sourceTree = "<group>"; };
		AE5CDBE51B01DC1A0035C366 /* AFNetworkReachabilityManager.h */ = {isa = PBXFileReference; fileEncoding = 4; lastKnownFileType = sourcecode.c.h; path = AFNetworkReachabilityManager.h; sourceTree = "<group>"; };
		AE5CDBE61B01DC1A0035C366 /* AFNetworkReachabilityManager.m */ = {isa = PBXFileReference; fileEncoding = 4; lastKnownFileType = sourcecode.c.objc; path = AFNetworkReachabilityManager.m; sourceTree = "<group>"; };
		AE5CDBE71B01DC1A0035C366 /* AFSecurityPolicy.h */ = {isa = PBXFileReference; fileEncoding = 4; lastKnownFileType = sourcecode.c.h; path = AFSecurityPolicy.h; sourceTree = "<group>"; };
		AE5CDBE81B01DC1A0035C366 /* AFSecurityPolicy.m */ = {isa = PBXFileReference; fileEncoding = 4; lastKnownFileType = sourcecode.c.objc; path = AFSecurityPolicy.m; sourceTree = "<group>"; };
		AE5CDBE91B01DC1A0035C366 /* AFURLConnectionOperation.h */ = {isa = PBXFileReference; fileEncoding = 4; lastKnownFileType = sourcecode.c.h; path = AFURLConnectionOperation.h; sourceTree = "<group>"; };
		AE5CDBEA1B01DC1A0035C366 /* AFURLConnectionOperation.m */ = {isa = PBXFileReference; fileEncoding = 4; lastKnownFileType = sourcecode.c.objc; path = AFURLConnectionOperation.m; sourceTree = "<group>"; };
		AE5CDBEB1B01DC1A0035C366 /* AFURLRequestSerialization.h */ = {isa = PBXFileReference; fileEncoding = 4; lastKnownFileType = sourcecode.c.h; path = AFURLRequestSerialization.h; sourceTree = "<group>"; };
		AE5CDBEC1B01DC1A0035C366 /* AFURLRequestSerialization.m */ = {isa = PBXFileReference; fileEncoding = 4; lastKnownFileType = sourcecode.c.objc; path = AFURLRequestSerialization.m; sourceTree = "<group>"; };
		AE5CDBED1B01DC1A0035C366 /* AFURLResponseSerialization.h */ = {isa = PBXFileReference; fileEncoding = 4; lastKnownFileType = sourcecode.c.h; path = AFURLResponseSerialization.h; sourceTree = "<group>"; };
		AE5CDBEE1B01DC1A0035C366 /* AFURLResponseSerialization.m */ = {isa = PBXFileReference; fileEncoding = 4; lastKnownFileType = sourcecode.c.objc; path = AFURLResponseSerialization.m; sourceTree = "<group>"; };
		AE5CDBEF1B01DC1A0035C366 /* AFURLSessionManager.h */ = {isa = PBXFileReference; fileEncoding = 4; lastKnownFileType = sourcecode.c.h; path = AFURLSessionManager.h; sourceTree = "<group>"; };
		AE5CDBF01B01DC1A0035C366 /* AFURLSessionManager.m */ = {isa = PBXFileReference; fileEncoding = 4; lastKnownFileType = sourcecode.c.objc; path = AFURLSessionManager.m; sourceTree = "<group>"; };
		AE5CDBF21B01DC1A0035C366 /* AFNetworkActivityIndicatorManager.h */ = {isa = PBXFileReference; fileEncoding = 4; lastKnownFileType = sourcecode.c.h; path = AFNetworkActivityIndicatorManager.h; sourceTree = "<group>"; };
		AE5CDBF31B01DC1A0035C366 /* AFNetworkActivityIndicatorManager.m */ = {isa = PBXFileReference; fileEncoding = 4; lastKnownFileType = sourcecode.c.objc; path = AFNetworkActivityIndicatorManager.m; sourceTree = "<group>"; };
		AE5CDBF41B01DC1A0035C366 /* UIActivityIndicatorView+AFNetworking.h */ = {isa = PBXFileReference; fileEncoding = 4; lastKnownFileType = sourcecode.c.h; path = "UIActivityIndicatorView+AFNetworking.h"; sourceTree = "<group>"; };
		AE5CDBF51B01DC1A0035C366 /* UIActivityIndicatorView+AFNetworking.m */ = {isa = PBXFileReference; fileEncoding = 4; lastKnownFileType = sourcecode.c.objc; path = "UIActivityIndicatorView+AFNetworking.m"; sourceTree = "<group>"; };
		AE5CDBF61B01DC1A0035C366 /* UIAlertView+AFNetworking.h */ = {isa = PBXFileReference; fileEncoding = 4; lastKnownFileType = sourcecode.c.h; path = "UIAlertView+AFNetworking.h"; sourceTree = "<group>"; };
		AE5CDBF71B01DC1A0035C366 /* UIAlertView+AFNetworking.m */ = {isa = PBXFileReference; fileEncoding = 4; lastKnownFileType = sourcecode.c.objc; path = "UIAlertView+AFNetworking.m"; sourceTree = "<group>"; };
		AE5CDBF81B01DC1A0035C366 /* UIButton+AFNetworking.h */ = {isa = PBXFileReference; fileEncoding = 4; lastKnownFileType = sourcecode.c.h; path = "UIButton+AFNetworking.h"; sourceTree = "<group>"; };
		AE5CDBF91B01DC1A0035C366 /* UIButton+AFNetworking.m */ = {isa = PBXFileReference; fileEncoding = 4; lastKnownFileType = sourcecode.c.objc; path = "UIButton+AFNetworking.m"; sourceTree = "<group>"; };
		AE5CDBFA1B01DC1A0035C366 /* UIImageView+AFNetworking.h */ = {isa = PBXFileReference; fileEncoding = 4; lastKnownFileType = sourcecode.c.h; path = "UIImageView+AFNetworking.h"; sourceTree = "<group>"; };
		AE5CDBFB1B01DC1A0035C366 /* UIImageView+AFNetworking.m */ = {isa = PBXFileReference; fileEncoding = 4; lastKnownFileType = sourcecode.c.objc; path = "UIImageView+AFNetworking.m"; sourceTree = "<group>"; };
		AE5CDBFC1B01DC1A0035C366 /* UIKit+AFNetworking.h */ = {isa = PBXFileReference; fileEncoding = 4; lastKnownFileType = sourcecode.c.h; path = "UIKit+AFNetworking.h"; sourceTree = "<group>"; };
		AE5CDBFD1B01DC1A0035C366 /* UIProgressView+AFNetworking.h */ = {isa = PBXFileReference; fileEncoding = 4; lastKnownFileType = sourcecode.c.h; path = "UIProgressView+AFNetworking.h"; sourceTree = "<group>"; };
		AE5CDBFE1B01DC1A0035C366 /* UIProgressView+AFNetworking.m */ = {isa = PBXFileReference; fileEncoding = 4; lastKnownFileType = sourcecode.c.objc; path = "UIProgressView+AFNetworking.m"; sourceTree = "<group>"; };
		AE5CDBFF1B01DC1A0035C366 /* UIRefreshControl+AFNetworking.h */ = {isa = PBXFileReference; fileEncoding = 4; lastKnownFileType = sourcecode.c.h; path = "UIRefreshControl+AFNetworking.h"; sourceTree = "<group>"; };
		AE5CDC001B01DC1A0035C366 /* UIRefreshControl+AFNetworking.m */ = {isa = PBXFileReference; fileEncoding = 4; lastKnownFileType = sourcecode.c.objc; path = "UIRefreshControl+AFNetworking.m"; sourceTree = "<group>"; };
		AE5CDC011B01DC1A0035C366 /* UIWebView+AFNetworking.h */ = {isa = PBXFileReference; fileEncoding = 4; lastKnownFileType = sourcecode.c.h; path = "UIWebView+AFNetworking.h"; sourceTree = "<group>"; };
		AE5CDC021B01DC1A0035C366 /* UIWebView+AFNetworking.m */ = {isa = PBXFileReference; fileEncoding = 4; lastKnownFileType = sourcecode.c.objc; path = "UIWebView+AFNetworking.m"; sourceTree = "<group>"; };
		AE5CDC141B01DC210035C366 /* MBProgressHUD.h */ = {isa = PBXFileReference; fileEncoding = 4; lastKnownFileType = sourcecode.c.h; path = MBProgressHUD.h; sourceTree = "<group>"; };
		AE5CDC151B01DC210035C366 /* MBProgressHUD.m */ = {isa = PBXFileReference; fileEncoding = 4; lastKnownFileType = sourcecode.c.objc; path = MBProgressHUD.m; sourceTree = "<group>"; };
		AE6C22771B58A5F8004E801B /* FBSDKCoreKit.framework */ = {isa = PBXFileReference; lastKnownFileType = wrapper.framework; name = FBSDKCoreKit.framework; path = "../../../002 3rd Party Library/005 FacebookSDK/FBSDKCoreKit.framework"; sourceTree = "<group>"; };
		AE6C22791B58EA41004E801B /* AboutTableViewController.h */ = {isa = PBXFileReference; fileEncoding = 4; lastKnownFileType = sourcecode.c.h; path = AboutTableViewController.h; sourceTree = "<group>"; };
		AE6C227A1B58EA41004E801B /* AboutTableViewController.m */ = {isa = PBXFileReference; fileEncoding = 4; lastKnownFileType = sourcecode.c.objc; path = AboutTableViewController.m; sourceTree = "<group>"; };
		AEBA64CF1B56483500E2B131 /* QuartzCore.framework */ = {isa = PBXFileReference; lastKnownFileType = wrapper.framework; name = QuartzCore.framework; path = System/Library/Frameworks/QuartzCore.framework; sourceTree = SDKROOT; };
		AEBA92051B0B24A400447AA1 /* RequestListTableViewController.h */ = {isa = PBXFileReference; fileEncoding = 4; lastKnownFileType = sourcecode.c.h; path = RequestListTableViewController.h; sourceTree = "<group>"; };
		AEBA92061B0B24A400447AA1 /* RequestListTableViewController.m */ = {isa = PBXFileReference; fileEncoding = 4; lastKnownFileType = sourcecode.c.objc; path = RequestListTableViewController.m; sourceTree = "<group>"; };
		AEBA92091B0B257C00447AA1 /* MenuListViewController.xib */ = {isa = PBXFileReference; fileEncoding = 4; lastKnownFileType = file.xib; path = MenuListViewController.xib; sourceTree = "<group>"; };
		AEBA920B1B0B258D00447AA1 /* MenuListViewController.h */ = {isa = PBXFileReference; fileEncoding = 4; lastKnownFileType = sourcecode.c.h; path = MenuListViewController.h; sourceTree = "<group>"; };
		AEBA920C1B0B258D00447AA1 /* MenuListViewController.m */ = {isa = PBXFileReference; fileEncoding = 4; lastKnownFileType = sourcecode.c.objc; path = MenuListViewController.m; sourceTree = "<group>"; };
		AEBA920F1B0B28CE00447AA1 /* LoginViewController.h */ = {isa = PBXFileReference; fileEncoding = 4; lastKnownFileType = sourcecode.c.h; path = LoginViewController.h; sourceTree = "<group>"; };
		AEBA92101B0B28CE00447AA1 /* LoginViewController.m */ = {isa = PBXFileReference; fileEncoding = 4; lastKnownFileType = sourcecode.c.objc; path = LoginViewController.m; sourceTree = "<group>"; };
		AEBA92131B0B2C8E00447AA1 /* RequestDetailTableViewController.h */ = {isa = PBXFileReference; fileEncoding = 4; lastKnownFileType = sourcecode.c.h; path = RequestDetailTableViewController.h; sourceTree = "<group>"; };
		AEBA92141B0B2C8E00447AA1 /* RequestDetailTableViewController.m */ = {isa = PBXFileReference; fileEncoding = 4; lastKnownFileType = sourcecode.c.objc; path = RequestDetailTableViewController.m; sourceTree = "<group>"; };
		AECC47FD1B5737C4007BE0A7 /* UpdatePagesViewController.h */ = {isa = PBXFileReference; fileEncoding = 4; lastKnownFileType = sourcecode.c.h; path = UpdatePagesViewController.h; sourceTree = "<group>"; };
		AECC47FE1B5737C4007BE0A7 /* UpdatePagesViewController.m */ = {isa = PBXFileReference; fileEncoding = 4; lastKnownFileType = sourcecode.c.objc; path = UpdatePagesViewController.m; sourceTree = "<group>"; };
		AECE68351B4CE7D700386ABC /* Images.xcassets */ = {isa = PBXFileReference; lastKnownFileType = folder.assetcatalog; path = Images.xcassets; sourceTree = "<group>"; };
		AED1AD1F1B0C28EB0020B054 /* SignInViewController.h */ = {isa = PBXFileReference; fileEncoding = 4; lastKnownFileType = sourcecode.c.h; path = SignInViewController.h; sourceTree = "<group>"; };
		AED1AD201B0C28EB0020B054 /* SignInViewController.m */ = {isa = PBXFileReference; fileEncoding = 4; lastKnownFileType = sourcecode.c.objc; path = SignInViewController.m; sourceTree = "<group>"; };
		AED1AD251B0C64990020B054 /* RequestListTableViewCell.h */ = {isa = PBXFileReference; fileEncoding = 4; lastKnownFileType = sourcecode.c.h; path = RequestListTableViewCell.h; sourceTree = "<group>"; };
		AED1AD261B0C64990020B054 /* RequestListTableViewCell.m */ = {isa = PBXFileReference; fileEncoding = 4; lastKnownFileType = sourcecode.c.objc; path = RequestListTableViewCell.m; sourceTree = "<group>"; };
		AED1AD271B0C64990020B054 /* RequestListTableViewCell.xib */ = {isa = PBXFileReference; fileEncoding = 4; lastKnownFileType = file.xib; path = RequestListTableViewCell.xib; sourceTree = "<group>"; };
		AED41F651B4F5E5A00DB9522 /* AppHelper.m */ = {isa = PBXFileReference; fileEncoding = 4; lastKnownFileType = sourcecode.c.objc; path = AppHelper.m; sourceTree = "<group>"; };
		AED4CF2A1B0D80A700C8F9A7 /* AppHelper.h */ = {isa = PBXFileReference; fileEncoding = 4; lastKnownFileType = sourcecode.c.h; path = AppHelper.h; sourceTree = "<group>"; };
		AED5D3791B3CE53100C33FC0 /* ConnectServerViewController.h */ = {isa = PBXFileReference; fileEncoding = 4; lastKnownFileType = sourcecode.c.h; path = ConnectServerViewController.h; sourceTree = "<group>"; };
		AED5D37A1B3CE53100C33FC0 /* ConnectServerViewController.m */ = {isa = PBXFileReference; fileEncoding = 4; lastKnownFileType = sourcecode.c.objc; path = ConnectServerViewController.m; sourceTree = "<group>"; };
		AED8C65C1B12C59100CC9831 /* AddUserInfoViewController.h */ = {isa = PBXFileReference; fileEncoding = 4; lastKnownFileType = sourcecode.c.h; path = AddUserInfoViewController.h; sourceTree = "<group>"; };
		AED8C65D1B12C59100CC9831 /* AddUserInfoViewController.m */ = {isa = PBXFileReference; fileEncoding = 4; lastKnownFileType = sourcecode.c.objc; path = AddUserInfoViewController.m; sourceTree = "<group>"; };
		AEDA27331B0309420007DE11 /* SelectCategoryTableViewController.h */ = {isa = PBXFileReference; fileEncoding = 4; lastKnownFileType = sourcecode.c.h; path = SelectCategoryTableViewController.h; sourceTree = "<group>"; };
		AEDA27341B0309420007DE11 /* SelectCategoryTableViewController.m */ = {isa = PBXFileReference; fileEncoding = 4; lastKnownFileType = sourcecode.c.objc; path = SelectCategoryTableViewController.m; sourceTree = "<group>"; };
		AEDAA0F11B295146007F5B86 /* UserSettingTableViewController.h */ = {isa = PBXFileReference; fileEncoding = 4; lastKnownFileType = sourcecode.c.h; path = UserSettingTableViewController.h; sourceTree = "<group>"; };
		AEDAA0F21B295146007F5B86 /* UserSettingTableViewController.m */ = {isa = PBXFileReference; fileEncoding = 4; lastKnownFileType = sourcecode.c.objc; path = UserSettingTableViewController.m; sourceTree = "<group>"; };
		AEDB5EE21B0AE0DC007C3DAD /* RequestReviewTableViewController.h */ = {isa = PBXFileReference; fileEncoding = 4; lastKnownFileType = sourcecode.c.h; path = RequestReviewTableViewController.h; sourceTree = "<group>"; };
		AEDB5EE31B0AE0DC007C3DAD /* RequestReviewTableViewController.m */ = {isa = PBXFileReference; fileEncoding = 4; lastKnownFileType = sourcecode.c.objc; path = RequestReviewTableViewController.m; sourceTree = "<group>"; };
		AEDD2ECE1B3B8B46000BCCA7 /* UpdatePasswordViewController.h */ = {isa = PBXFileReference; fileEncoding = 4; lastKnownFileType = sourcecode.c.h; path = UpdatePasswordViewController.h; sourceTree = "<group>"; };
		AEDD2ECF1B3B8B46000BCCA7 /* UpdatePasswordViewController.m */ = {isa = PBXFileReference; fileEncoding = 4; lastKnownFileType = sourcecode.c.objc; path = UpdatePasswordViewController.m; sourceTree = "<group>"; };
		AEDD2ED11B3B991C000BCCA7 /* UpdateContactNumberViewController.h */ = {isa = PBXFileReference; fileEncoding = 4; lastKnownFileType = sourcecode.c.h; path = UpdateContactNumberViewController.h; sourceTree = "<group>"; };
		AEDD2ED21B3B991C000BCCA7 /* UpdateContactNumberViewController.m */ = {isa = PBXFileReference; fileEncoding = 4; lastKnownFileType = sourcecode.c.objc; path = UpdateContactNumberViewController.m; sourceTree = "<group>"; };
		AEDD2ED41B3BA0F1000BCCA7 /* ForgotPasswordViewController.h */ = {isa = PBXFileReference; fileEncoding = 4; lastKnownFileType = sourcecode.c.h; path = ForgotPasswordViewController.h; sourceTree = "<group>"; };
		AEDD2ED51B3BA0F1000BCCA7 /* ForgotPasswordViewController.m */ = {isa = PBXFileReference; fileEncoding = 4; lastKnownFileType = sourcecode.c.objc; path = ForgotPasswordViewController.m; sourceTree = "<group>"; };
		AEDDA5311B1846BA008213BE /* ImageViewController.h */ = {isa = PBXFileReference; fileEncoding = 4; lastKnownFileType = sourcecode.c.h; path = ImageViewController.h; sourceTree = "<group>"; };
		AEDDA5321B1846BA008213BE /* ImageViewController.m */ = {isa = PBXFileReference; fileEncoding = 4; lastKnownFileType = sourcecode.c.objc; path = ImageViewController.m; sourceTree = "<group>"; };
		AEDFA7F01B38D0480086C816 /* FBSDKShareKit.framework */ = {isa = PBXFileReference; lastKnownFileType = wrapper.framework; name = FBSDKShareKit.framework; path = "../../../002 3rd Party Library/005 FacebookSDK/FBSDKShareKit.framework"; sourceTree = "<group>"; };
		AEE684211B03255A005F9AE7 /* SelectSubCategoryTableViewController.h */ = {isa = PBXFileReference; fileEncoding = 4; lastKnownFileType = sourcecode.c.h; path = SelectSubCategoryTableViewController.h; sourceTree = "<group>"; };
		AEE684221B03255A005F9AE7 /* SelectSubCategoryTableViewController.m */ = {isa = PBXFileReference; fileEncoding = 4; lastKnownFileType = sourcecode.c.objc; path = SelectSubCategoryTableViewController.m; sourceTree = "<group>"; };
		AEE684241B032D36005F9AE7 /* RequestTableViewController.h */ = {isa = PBXFileReference; fileEncoding = 4; lastKnownFileType = sourcecode.c.h; path = RequestTableViewController.h; sourceTree = "<group>"; };
		AEE684251B032D36005F9AE7 /* RequestTableViewController.m */ = {isa = PBXFileReference; fileEncoding = 4; lastKnownFileType = sourcecode.c.objc; path = RequestTableViewController.m; sourceTree = "<group>"; };
/* End PBXFileReference section */

/* Begin PBXFrameworksBuildPhase section */
		AE5CDBAE1B019ED30035C366 /* Frameworks */ = {
			isa = PBXFrameworksBuildPhase;
			buildActionMask = 2147483647;
			files = (
				AEBA64D01B56483500E2B131 /* QuartzCore.framework in Frameworks */,
				AE6C22781B58A5F8004E801B /* FBSDKCoreKit.framework in Frameworks */,
				AE0044901B46375F0068F806 /* Bolts.framework in Frameworks */,
				AE00448E1B46374B0068F806 /* libsqlite3.dylib in Frameworks */,
				AEDFA7F21B38D0480086C816 /* FBSDKShareKit.framework in Frameworks */,
			);
			runOnlyForDeploymentPostprocessing = 0;
		};
		AE5CDBCA1B019ED30035C366 /* Frameworks */ = {
			isa = PBXFrameworksBuildPhase;
			buildActionMask = 2147483647;
			files = (
			);
			runOnlyForDeploymentPostprocessing = 0;
		};
/* End PBXFrameworksBuildPhase section */

/* Begin PBXGroup section */
		AE306A641B099A780058E9E2 /* View */ = {
			isa = PBXGroup;
			children = (
				AE5CDBC11B019ED30035C366 /* Main.storyboard */,
				AEBA92091B0B257C00447AA1 /* MenuListViewController.xib */,
				AE306A671B099AD70058E9E2 /* PhotoCollectionViewCell.xib */,
				AED1AD271B0C64990020B054 /* RequestListTableViewCell.xib */,
				AE5CDBC61B019ED30035C366 /* LaunchScreen.xib */,
			);
			name = View;
			sourceTree = "<group>";
		};
		AE306A6A1B099ADD0058E9E2 /* Cell */ = {
			isa = PBXGroup;
			children = (
				AE306A651B099AD70058E9E2 /* PhotoCollectionViewCell.h */,
				AE306A661B099AD70058E9E2 /* PhotoCollectionViewCell.m */,
			);
			name = Cell;
			sourceTree = "<group>";
		};
		AE306A6B1B099AEF0058E9E2 /* Request Photo */ = {
			isa = PBXGroup;
			children = (
				AE306A6A1B099ADD0058E9E2 /* Cell */,
				AE58EF161B0585D400372A5F /* RequestPhotoCollectionViewController.h */,
				AE58EF171B0585D400372A5F /* RequestPhotoCollectionViewController.m */,
				AE306A6C1B09D43A0058E9E2 /* RequestPhotoDescriptionTableViewController.h */,
				AE306A6D1B09D43A0058E9E2 /* RequestPhotoDescriptionTableViewController.m */,
				AEDDA5311B1846BA008213BE /* ImageViewController.h */,
				AEDDA5321B1846BA008213BE /* ImageViewController.m */,
			);
			name = "Request Photo";
			sourceTree = "<group>";
		};
		AE5CDBA81B019ED30035C366 = {
			isa = PBXGroup;
			children = (
				AE85876A1B31313800949FB8 /* Framework */,
				AE5CDBB31B019ED30035C366 /* IT Support */,
				AE5CDBD01B019ED30035C366 /* IT SupportTests */,
				AE5CDBB21B019ED30035C366 /* Products */,
			);
			sourceTree = "<group>";
		};
		AE5CDBB21B019ED30035C366 /* Products */ = {
			isa = PBXGroup;
			children = (
				AE5CDBB11B019ED30035C366 /* IT Support.app */,
				AE5CDBCD1B019ED30035C366 /* IT SupportTests.xctest */,
			);
			name = Products;
			sourceTree = "<group>";
		};
		AE5CDBB31B019ED30035C366 /* IT Support */ = {
			isa = PBXGroup;
			children = (
				AE5CDC171B01DC270035C366 /* 3rd Party */,
				AE5CDBB81B019ED30035C366 /* AppDelegate.h */,
				AE5CDBB91B019ED30035C366 /* AppDelegate.m */,
				AED4CF2D1B0D80B400C8F9A7 /* Helper */,
				AEDA27361B0309460007DE11 /* Controller */,
				AEDA27321B0309150007DE11 /* Test */,
				AE306A641B099A780058E9E2 /* View */,
				AECE68351B4CE7D700386ABC /* Images.xcassets */,
				AE5CDBBB1B019ED30035C366 /* IT_Support.xcdatamodeld */,
				AE5CDBB41B019ED30035C366 /* Supporting Files */,
			);
			path = "IT Support";
			sourceTree = "<group>";
		};
		AE5CDBB41B019ED30035C366 /* Supporting Files */ = {
			isa = PBXGroup;
			children = (
				AE5CDBB51B019ED30035C366 /* Info.plist */,
				AE5CDBB61B019ED30035C366 /* main.m */,
			);
			name = "Supporting Files";
			sourceTree = "<group>";
		};
		AE5CDBD01B019ED30035C366 /* IT SupportTests */ = {
			isa = PBXGroup;
			children = (
				AE5CDBD31B019ED30035C366 /* IT_SupportTests.m */,
				AE5CDBD11B019ED30035C366 /* Supporting Files */,
			);
			path = "IT SupportTests";
			sourceTree = "<group>";
		};
		AE5CDBD11B019ED30035C366 /* Supporting Files */ = {
			isa = PBXGroup;
			children = (
				AE5CDBD21B019ED30035C366 /* Info.plist */,
			);
			name = "Supporting Files";
			sourceTree = "<group>";
		};
		AE5CDBDD1B01DC1A0035C366 /* AFNetworking */ = {
			isa = PBXGroup;
			children = (
				AE5CDBDE1B01DC1A0035C366 /* AFHTTPRequestOperation.h */,
				AE5CDBDF1B01DC1A0035C366 /* AFHTTPRequestOperation.m */,
				AE5CDBE01B01DC1A0035C366 /* AFHTTPRequestOperationManager.h */,
				AE5CDBE11B01DC1A0035C366 /* AFHTTPRequestOperationManager.m */,
				AE5CDBE21B01DC1A0035C366 /* AFHTTPSessionManager.h */,
				AE5CDBE31B01DC1A0035C366 /* AFHTTPSessionManager.m */,
				AE5CDBE41B01DC1A0035C366 /* AFNetworking.h */,
				AE5CDBE51B01DC1A0035C366 /* AFNetworkReachabilityManager.h */,
				AE5CDBE61B01DC1A0035C366 /* AFNetworkReachabilityManager.m */,
				AE5CDBE71B01DC1A0035C366 /* AFSecurityPolicy.h */,
				AE5CDBE81B01DC1A0035C366 /* AFSecurityPolicy.m */,
				AE5CDBE91B01DC1A0035C366 /* AFURLConnectionOperation.h */,
				AE5CDBEA1B01DC1A0035C366 /* AFURLConnectionOperation.m */,
				AE5CDBEB1B01DC1A0035C366 /* AFURLRequestSerialization.h */,
				AE5CDBEC1B01DC1A0035C366 /* AFURLRequestSerialization.m */,
				AE5CDBED1B01DC1A0035C366 /* AFURLResponseSerialization.h */,
				AE5CDBEE1B01DC1A0035C366 /* AFURLResponseSerialization.m */,
				AE5CDBEF1B01DC1A0035C366 /* AFURLSessionManager.h */,
				AE5CDBF01B01DC1A0035C366 /* AFURLSessionManager.m */,
			);
			path = AFNetworking;
			sourceTree = "<group>";
		};
		AE5CDBF11B01DC1A0035C366 /* UIKit+AFNetworking */ = {
			isa = PBXGroup;
			children = (
				AE5CDBF21B01DC1A0035C366 /* AFNetworkActivityIndicatorManager.h */,
				AE5CDBF31B01DC1A0035C366 /* AFNetworkActivityIndicatorManager.m */,
				AE5CDBF41B01DC1A0035C366 /* UIActivityIndicatorView+AFNetworking.h */,
				AE5CDBF51B01DC1A0035C366 /* UIActivityIndicatorView+AFNetworking.m */,
				AE5CDBF61B01DC1A0035C366 /* UIAlertView+AFNetworking.h */,
				AE5CDBF71B01DC1A0035C366 /* UIAlertView+AFNetworking.m */,
				AE5CDBF81B01DC1A0035C366 /* UIButton+AFNetworking.h */,
				AE5CDBF91B01DC1A0035C366 /* UIButton+AFNetworking.m */,
				AE5CDBFA1B01DC1A0035C366 /* UIImageView+AFNetworking.h */,
				AE5CDBFB1B01DC1A0035C366 /* UIImageView+AFNetworking.m */,
				AE5CDBFC1B01DC1A0035C366 /* UIKit+AFNetworking.h */,
				AE5CDBFD1B01DC1A0035C366 /* UIProgressView+AFNetworking.h */,
				AE5CDBFE1B01DC1A0035C366 /* UIProgressView+AFNetworking.m */,
				AE5CDBFF1B01DC1A0035C366 /* UIRefreshControl+AFNetworking.h */,
				AE5CDC001B01DC1A0035C366 /* UIRefreshControl+AFNetworking.m */,
				AE5CDC011B01DC1A0035C366 /* UIWebView+AFNetworking.h */,
				AE5CDC021B01DC1A0035C366 /* UIWebView+AFNetworking.m */,
			);
			path = "UIKit+AFNetworking";
			sourceTree = "<group>";
		};
		AE5CDC171B01DC270035C366 /* 3rd Party */ = {
			isa = PBXGroup;
			children = (
				AE5CDC141B01DC210035C366 /* MBProgressHUD.h */,
				AE5CDC151B01DC210035C366 /* MBProgressHUD.m */,
				AE5CDBDD1B01DC1A0035C366 /* AFNetworking */,
				AE5CDBF11B01DC1A0035C366 /* UIKit+AFNetworking */,
			);
			name = "3rd Party";
			sourceTree = "<group>";
		};
		AE5CDC1A1B01DF1B0035C366 /* Image */ = {
			isa = PBXGroup;
			children = (
				AE58EF1C1B05BBC600372A5F /* image1.jpg */,
				AE58EF1D1B05BBC600372A5F /* image2.jpg */,
				AE58EF1E1B05BBC600372A5F /* image3.jpg */,
				AE58EF1F1B05BBC600372A5F /* image4.jpg */,
				AE58EF201B05BBC600372A5F /* image5.jpg */,
			);
			name = Image;
			sourceTree = "<group>";
		};
		AE85876A1B31313800949FB8 /* Framework */ = {
			isa = PBXGroup;
			children = (
				AEBA64CF1B56483500E2B131 /* QuartzCore.framework */,
				AE00448F1B46375F0068F806 /* Bolts.framework */,
				AE00448D1B46374B0068F806 /* libsqlite3.dylib */,
				AE6C22771B58A5F8004E801B /* FBSDKCoreKit.framework */,
				AEDFA7F01B38D0480086C816 /* FBSDKShareKit.framework */,
			);
			name = Framework;
			path = "IT Support";
			sourceTree = "<group>";
		};
		AEBA64D41B564A6100E2B131 /* UpdatePages */ = {
			isa = PBXGroup;
			children = (
				AECC47FD1B5737C4007BE0A7 /* UpdatePagesViewController.h */,
				AECC47FE1B5737C4007BE0A7 /* UpdatePagesViewController.m */,
			);
			name = UpdatePages;
			sourceTree = "<group>";
		};
		AEBA92041B0B246500447AA1 /* Create Request */ = {
			isa = PBXGroup;
			children = (
				AEDA27331B0309420007DE11 /* SelectCategoryTableViewController.h */,
				AEDA27341B0309420007DE11 /* SelectCategoryTableViewController.m */,
				AEE684211B03255A005F9AE7 /* SelectSubCategoryTableViewController.h */,
				AEE684221B03255A005F9AE7 /* SelectSubCategoryTableViewController.m */,
				AEE684241B032D36005F9AE7 /* RequestTableViewController.h */,
				AEE684251B032D36005F9AE7 /* RequestTableViewController.m */,
				AEDB5EE21B0AE0DC007C3DAD /* RequestReviewTableViewController.h */,
				AEDB5EE31B0AE0DC007C3DAD /* RequestReviewTableViewController.m */,
			);
			name = "Create Request";
			sourceTree = "<group>";
		};
		AEBA92081B0B24A900447AA1 /* Display Request */ = {
			isa = PBXGroup;
			children = (
				AED1AD1B1B0C027A0020B054 /* RequestListCell */,
				AEBA92051B0B24A400447AA1 /* RequestListTableViewController.h */,
				AEBA92061B0B24A400447AA1 /* RequestListTableViewController.m */,
				AEBA92131B0B2C8E00447AA1 /* RequestDetailTableViewController.h */,
				AEBA92141B0B2C8E00447AA1 /* RequestDetailTableViewController.m */,
			);
			name = "Display Request";
			sourceTree = "<group>";
		};
		AEBA920E1B0B259300447AA1 /* Menu Setting */ = {
			isa = PBXGroup;
			children = (
				AEBA920B1B0B258D00447AA1 /* MenuListViewController.h */,
				AEBA920C1B0B258D00447AA1 /* MenuListViewController.m */,
				AEDAA0F11B295146007F5B86 /* UserSettingTableViewController.h */,
				AEDAA0F21B295146007F5B86 /* UserSettingTableViewController.m */,
				AEDD2ECE1B3B8B46000BCCA7 /* UpdatePasswordViewController.h */,
				AEDD2ECF1B3B8B46000BCCA7 /* UpdatePasswordViewController.m */,
				AEDD2ED11B3B991C000BCCA7 /* UpdateContactNumberViewController.h */,
				AEDD2ED21B3B991C000BCCA7 /* UpdateContactNumberViewController.m */,
				AE6C22791B58EA41004E801B /* AboutTableViewController.h */,
				AE6C227A1B58EA41004E801B /* AboutTableViewController.m */,
			);
			name = "Menu Setting";
			sourceTree = "<group>";
		};
		AEBA92121B0B28D200447AA1 /* User  */ = {
			isa = PBXGroup;
			children = (
				AEBA920F1B0B28CE00447AA1 /* LoginViewController.h */,
				AEBA92101B0B28CE00447AA1 /* LoginViewController.m */,
				AED8C65C1B12C59100CC9831 /* AddUserInfoViewController.h */,
				AED8C65D1B12C59100CC9831 /* AddUserInfoViewController.m */,
				AED1AD1F1B0C28EB0020B054 /* SignInViewController.h */,
				AED1AD201B0C28EB0020B054 /* SignInViewController.m */,
				AEDD2ED41B3BA0F1000BCCA7 /* ForgotPasswordViewController.h */,
				AEDD2ED51B3BA0F1000BCCA7 /* ForgotPasswordViewController.m */,
			);
			name = "User ";
			sourceTree = "<group>";
		};
		AED1AD1B1B0C027A0020B054 /* RequestListCell */ = {
			isa = PBXGroup;
			children = (
				AED1AD251B0C64990020B054 /* RequestListTableViewCell.h */,
				AED1AD261B0C64990020B054 /* RequestListTableViewCell.m */,
			);
			name = RequestListCell;
			sourceTree = "<group>";
		};
		AED4CF2D1B0D80B400C8F9A7 /* Helper */ = {
			isa = PBXGroup;
			children = (
				AE5CDC1A1B01DF1B0035C366 /* Image */,
				AED4CF2A1B0D80A700C8F9A7 /* AppHelper.h */,
				AED41F651B4F5E5A00DB9522 /* AppHelper.m */,
			);
			name = Helper;
			sourceTree = "<group>";
		};
		AED5D37C1B3CE53A00C33FC0 /* Connect */ = {
			isa = PBXGroup;
			children = (
				AED5D3791B3CE53100C33FC0 /* ConnectServerViewController.h */,
				AED5D37A1B3CE53100C33FC0 /* ConnectServerViewController.m */,
			);
			name = Connect;
			sourceTree = "<group>";
		};
		AEDA27321B0309150007DE11 /* Test */ = {
			isa = PBXGroup;
			children = (
				AE58EF191B05A59E00372A5F /* RequestPhotoDescriptionViewController.h */,
				AE58EF1A1B05A59E00372A5F /* RequestPhotoDescriptionViewController.m */,
				AE5CDBBE1B019ED30035C366 /* ViewController.h */,
				AE5CDBBF1B019ED30035C366 /* ViewController.m */,
			);
			name = Test;
			sourceTree = "<group>";
		};
		AEDA27361B0309460007DE11 /* Controller */ = {
			isa = PBXGroup;
			children = (
				AED5D37C1B3CE53A00C33FC0 /* Connect */,
				AEBA64D41B564A6100E2B131 /* UpdatePages */,
				AEBA92121B0B28D200447AA1 /* User  */,
				AEBA920E1B0B259300447AA1 /* Menu Setting */,
				AEBA92081B0B24A900447AA1 /* Display Request */,
				AEBA92041B0B246500447AA1 /* Create Request */,
				AE306A6B1B099AEF0058E9E2 /* Request Photo */,
			);
			name = Controller;
			sourceTree = "<group>";
		};
/* End PBXGroup section */

/* Begin PBXNativeTarget section */
		AE5CDBB01B019ED30035C366 /* IT Support */ = {
			isa = PBXNativeTarget;
			buildConfigurationList = AE5CDBD71B019ED30035C366 /* Build configuration list for PBXNativeTarget "IT Support" */;
			buildPhases = (
				AE5CDBAD1B019ED30035C366 /* Sources */,
				AE5CDBAE1B019ED30035C366 /* Frameworks */,
				AE5CDBAF1B019ED30035C366 /* Resources */,
			);
			buildRules = (
			);
			dependencies = (
			);
			name = "IT Support";
			productName = "IT Support";
			productReference = AE5CDBB11B019ED30035C366 /* IT Support.app */;
			productType = "com.apple.product-type.application";
		};
		AE5CDBCC1B019ED30035C366 /* IT SupportTests */ = {
			isa = PBXNativeTarget;
			buildConfigurationList = AE5CDBDA1B019ED30035C366 /* Build configuration list for PBXNativeTarget "IT SupportTests" */;
			buildPhases = (
				AE5CDBC91B019ED30035C366 /* Sources */,
				AE5CDBCA1B019ED30035C366 /* Frameworks */,
				AE5CDBCB1B019ED30035C366 /* Resources */,
			);
			buildRules = (
			);
			dependencies = (
				AE5CDBCF1B019ED30035C366 /* PBXTargetDependency */,
			);
			name = "IT SupportTests";
			productName = "IT SupportTests";
			productReference = AE5CDBCD1B019ED30035C366 /* IT SupportTests.xctest */;
			productType = "com.apple.product-type.bundle.unit-test";
		};
/* End PBXNativeTarget section */

/* Begin PBXProject section */
		AE5CDBA91B019ED30035C366 /* Project object */ = {
			isa = PBXProject;
			attributes = {
				LastUpgradeCheck = 0630;
				ORGANIZATIONNAME = "IT Express Pro Pty Ltd";
				TargetAttributes = {
					AE5CDBB01B019ED30035C366 = {
						CreatedOnToolsVersion = 6.3.1;
						DevelopmentTeam = 52343NK2S3;
					};
					AE5CDBCC1B019ED30035C366 = {
						CreatedOnToolsVersion = 6.3.1;
						TestTargetID = AE5CDBB01B019ED30035C366;
					};
				};
			};
			buildConfigurationList = AE5CDBAC1B019ED30035C366 /* Build configuration list for PBXProject "IT Support" */;
			compatibilityVersion = "Xcode 3.2";
			developmentRegion = English;
			hasScannedForEncodings = 0;
			knownRegions = (
				en,
				Base,
			);
			mainGroup = AE5CDBA81B019ED30035C366;
			productRefGroup = AE5CDBB21B019ED30035C366 /* Products */;
			projectDirPath = "";
			projectRoot = "";
			targets = (
				AE5CDBB01B019ED30035C366 /* IT Support */,
				AE5CDBCC1B019ED30035C366 /* IT SupportTests */,
			);
		};
/* End PBXProject section */

/* Begin PBXResourcesBuildPhase section */
		AE5CDBAF1B019ED30035C366 /* Resources */ = {
			isa = PBXResourcesBuildPhase;
			buildActionMask = 2147483647;
			files = (
				AE58EF251B05BBC600372A5F /* image5.jpg in Resources */,
				AE5CDBC31B019ED30035C366 /* Main.storyboard in Resources */,
				AED1AD291B0C64990020B054 /* RequestListTableViewCell.xib in Resources */,
				AE5CDBC81B019ED30035C366 /* LaunchScreen.xib in Resources */,
				AECE68361B4CE7D700386ABC /* Images.xcassets in Resources */,
				AE58EF241B05BBC600372A5F /* image4.jpg in Resources */,
				AE58EF211B05BBC600372A5F /* image1.jpg in Resources */,
				AE58EF221B05BBC600372A5F /* image2.jpg in Resources */,
				AE306A691B099AD70058E9E2 /* PhotoCollectionViewCell.xib in Resources */,
				AE58EF231B05BBC600372A5F /* image3.jpg in Resources */,
				AEBA920A1B0B257C00447AA1 /* MenuListViewController.xib in Resources */,
			);
			runOnlyForDeploymentPostprocessing = 0;
		};
		AE5CDBCB1B019ED30035C366 /* Resources */ = {
			isa = PBXResourcesBuildPhase;
			buildActionMask = 2147483647;
			files = (
			);
			runOnlyForDeploymentPostprocessing = 0;
		};
/* End PBXResourcesBuildPhase section */

/* Begin PBXSourcesBuildPhase section */
		AE5CDBAD1B019ED30035C366 /* Sources */ = {
			isa = PBXSourcesBuildPhase;
			buildActionMask = 2147483647;
			files = (
				AE5CDC111B01DC1A0035C366 /* UIProgressView+AFNetworking.m in Sources */,
				AEE684261B032D36005F9AE7 /* RequestTableViewController.m in Sources */,
				AE5CDC0F1B01DC1A0035C366 /* UIButton+AFNetworking.m in Sources */,
				AEBA920D1B0B258D00447AA1 /* MenuListViewController.m in Sources */,
				AE5CDC121B01DC1A0035C366 /* UIRefreshControl+AFNetworking.m in Sources */,
				AE5CDC0E1B01DC1A0035C366 /* UIAlertView+AFNetworking.m in Sources */,
				AEDD2ED61B3BA0F1000BCCA7 /* ForgotPasswordViewController.m in Sources */,
				AE5CDBBD1B019ED30035C366 /* IT_Support.xcdatamodeld in Sources */,
				AEDA27351B0309420007DE11 /* SelectCategoryTableViewController.m in Sources */,
				AE5CDC071B01DC1A0035C366 /* AFSecurityPolicy.m in Sources */,
				AECC47FF1B5737C4007BE0A7 /* UpdatePagesViewController.m in Sources */,
				AE6C227B1B58EA41004E801B /* AboutTableViewController.m in Sources */,
				AE5CDBBA1B019ED30035C366 /* AppDelegate.m in Sources */,
				AE5CDC041B01DC1A0035C366 /* AFHTTPRequestOperationManager.m in Sources */,
				AE5CDC081B01DC1A0035C366 /* AFURLConnectionOperation.m in Sources */,
				AEDD2ED01B3B8B46000BCCA7 /* UpdatePasswordViewController.m in Sources */,
				AE5CDC101B01DC1A0035C366 /* UIImageView+AFNetworking.m in Sources */,
				AE5CDC031B01DC1A0035C366 /* AFHTTPRequestOperation.m in Sources */,
				AEDD2ED31B3B991C000BCCA7 /* UpdateContactNumberViewController.m in Sources */,
				AEDB5EE41B0AE0DC007C3DAD /* RequestReviewTableViewController.m in Sources */,
				AED1AD211B0C28EB0020B054 /* SignInViewController.m in Sources */,
				AE5CDC0D1B01DC1A0035C366 /* UIActivityIndicatorView+AFNetworking.m in Sources */,
				AED8C65E1B12C59100CC9831 /* AddUserInfoViewController.m in Sources */,
				AEDDA5331B1846BA008213BE /* ImageViewController.m in Sources */,
				AED1AD281B0C64990020B054 /* RequestListTableViewCell.m in Sources */,
				AE58EF181B0585D400372A5F /* RequestPhotoCollectionViewController.m in Sources */,
				AE5CDBC01B019ED30035C366 /* ViewController.m in Sources */,
				AEBA92071B0B24A400447AA1 /* RequestListTableViewController.m in Sources */,
				AE58EF1B1B05A59E00372A5F /* RequestPhotoDescriptionViewController.m in Sources */,
				AEBA92151B0B2C8E00447AA1 /* RequestDetailTableViewController.m in Sources */,
				AEBA92111B0B28CE00447AA1 /* LoginViewController.m in Sources */,
				AE5CDC091B01DC1A0035C366 /* AFURLRequestSerialization.m in Sources */,
				AE5CDC051B01DC1A0035C366 /* AFHTTPSessionManager.m in Sources */,
				AEE684231B03255A005F9AE7 /* SelectSubCategoryTableViewController.m in Sources */,
				AE5CDC161B01DC210035C366 /* MBProgressHUD.m in Sources */,
				AE306A681B099AD70058E9E2 /* PhotoCollectionViewCell.m in Sources */,
				AE306A6E1B09D43A0058E9E2 /* RequestPhotoDescriptionTableViewController.m in Sources */,
				AED5D37B1B3CE53100C33FC0 /* ConnectServerViewController.m in Sources */,
				AE5CDC061B01DC1A0035C366 /* AFNetworkReachabilityManager.m in Sources */,
				AE5CDC0A1B01DC1A0035C366 /* AFURLResponseSerialization.m in Sources */,
				AE5CDC131B01DC1A0035C366 /* UIWebView+AFNetworking.m in Sources */,
				AE5CDC0B1B01DC1A0035C366 /* AFURLSessionManager.m in Sources */,
				AE5CDC0C1B01DC1A0035C366 /* AFNetworkActivityIndicatorManager.m in Sources */,
				AEDAA0F31B295146007F5B86 /* UserSettingTableViewController.m in Sources */,
				AE5CDBB71B019ED30035C366 /* main.m in Sources */,
				AED41F661B4F5E5A00DB9522 /* AppHelper.m in Sources */,
			);
			runOnlyForDeploymentPostprocessing = 0;
		};
		AE5CDBC91B019ED30035C366 /* Sources */ = {
			isa = PBXSourcesBuildPhase;
			buildActionMask = 2147483647;
			files = (
				AE5CDBD41B019ED30035C366 /* IT_SupportTests.m in Sources */,
			);
			runOnlyForDeploymentPostprocessing = 0;
		};
/* End PBXSourcesBuildPhase section */

/* Begin PBXTargetDependency section */
		AE5CDBCF1B019ED30035C366 /* PBXTargetDependency */ = {
			isa = PBXTargetDependency;
			target = AE5CDBB01B019ED30035C366 /* IT Support */;
			targetProxy = AE5CDBCE1B019ED30035C366 /* PBXContainerItemProxy */;
		};
/* End PBXTargetDependency section */

/* Begin PBXVariantGroup section */
		AE5CDBC11B019ED30035C366 /* Main.storyboard */ = {
			isa = PBXVariantGroup;
			children = (
				AE5CDBC21B019ED30035C366 /* Base */,
			);
			name = Main.storyboard;
			sourceTree = "<group>";
		};
		AE5CDBC61B019ED30035C366 /* LaunchScreen.xib */ = {
			isa = PBXVariantGroup;
			children = (
				AE5CDBC71B019ED30035C366 /* Base */,
			);
			name = LaunchScreen.xib;
			sourceTree = "<group>";
		};
/* End PBXVariantGroup section */

/* Begin XCBuildConfiguration section */
		AE5CDBD51B019ED30035C366 /* Debug */ = {
			isa = XCBuildConfiguration;
			buildSettings = {
				ALWAYS_SEARCH_USER_PATHS = NO;
				CLANG_CXX_LANGUAGE_STANDARD = "gnu++0x";
				CLANG_CXX_LIBRARY = "libc++";
				CLANG_ENABLE_MODULES = YES;
				CLANG_ENABLE_OBJC_ARC = YES;
				CLANG_WARN_BOOL_CONVERSION = YES;
				CLANG_WARN_CONSTANT_CONVERSION = YES;
				CLANG_WARN_DIRECT_OBJC_ISA_USAGE = YES_ERROR;
				CLANG_WARN_EMPTY_BODY = YES;
				CLANG_WARN_ENUM_CONVERSION = YES;
				CLANG_WARN_INT_CONVERSION = YES;
				CLANG_WARN_OBJC_ROOT_CLASS = YES_ERROR;
				CLANG_WARN_UNREACHABLE_CODE = YES;
				CLANG_WARN__DUPLICATE_METHOD_MATCH = YES;
				"CODE_SIGN_IDENTITY[sdk=iphoneos*]" = "iPhone Developer";
				COPY_PHASE_STRIP = NO;
				DEBUG_INFORMATION_FORMAT = "dwarf-with-dsym";
				ENABLE_STRICT_OBJC_MSGSEND = YES;
				GCC_C_LANGUAGE_STANDARD = gnu99;
				GCC_DYNAMIC_NO_PIC = NO;
				GCC_NO_COMMON_BLOCKS = YES;
				GCC_OPTIMIZATION_LEVEL = 0;
				GCC_PREPROCESSOR_DEFINITIONS = (
					"DEBUG=1",
					"$(inherited)",
				);
				GCC_SYMBOLS_PRIVATE_EXTERN = NO;
				GCC_WARN_64_TO_32_BIT_CONVERSION = YES;
				GCC_WARN_ABOUT_RETURN_TYPE = YES_ERROR;
				GCC_WARN_UNDECLARED_SELECTOR = YES;
				GCC_WARN_UNINITIALIZED_AUTOS = YES_AGGRESSIVE;
				GCC_WARN_UNUSED_FUNCTION = YES;
				GCC_WARN_UNUSED_VARIABLE = YES;
				IPHONEOS_DEPLOYMENT_TARGET = 8.3;
				MTL_ENABLE_DEBUG_INFO = YES;
				ONLY_ACTIVE_ARCH = YES;
				SDKROOT = iphoneos;
			};
			name = Debug;
		};
		AE5CDBD61B019ED30035C366 /* Release */ = {
			isa = XCBuildConfiguration;
			buildSettings = {
				ALWAYS_SEARCH_USER_PATHS = NO;
				CLANG_CXX_LANGUAGE_STANDARD = "gnu++0x";
				CLANG_CXX_LIBRARY = "libc++";
				CLANG_ENABLE_MODULES = YES;
				CLANG_ENABLE_OBJC_ARC = YES;
				CLANG_WARN_BOOL_CONVERSION = YES;
				CLANG_WARN_CONSTANT_CONVERSION = YES;
				CLANG_WARN_DIRECT_OBJC_ISA_USAGE = YES_ERROR;
				CLANG_WARN_EMPTY_BODY = YES;
				CLANG_WARN_ENUM_CONVERSION = YES;
				CLANG_WARN_INT_CONVERSION = YES;
				CLANG_WARN_OBJC_ROOT_CLASS = YES_ERROR;
				CLANG_WARN_UNREACHABLE_CODE = YES;
				CLANG_WARN__DUPLICATE_METHOD_MATCH = YES;
				"CODE_SIGN_IDENTITY[sdk=iphoneos*]" = "iPhone Developer";
				COPY_PHASE_STRIP = NO;
				DEBUG_INFORMATION_FORMAT = "dwarf-with-dsym";
				ENABLE_NS_ASSERTIONS = NO;
				ENABLE_STRICT_OBJC_MSGSEND = YES;
				GCC_C_LANGUAGE_STANDARD = gnu99;
				GCC_NO_COMMON_BLOCKS = YES;
				GCC_WARN_64_TO_32_BIT_CONVERSION = YES;
				GCC_WARN_ABOUT_RETURN_TYPE = YES_ERROR;
				GCC_WARN_UNDECLARED_SELECTOR = YES;
				GCC_WARN_UNINITIALIZED_AUTOS = YES_AGGRESSIVE;
				GCC_WARN_UNUSED_FUNCTION = YES;
				GCC_WARN_UNUSED_VARIABLE = YES;
				IPHONEOS_DEPLOYMENT_TARGET = 8.3;
				MTL_ENABLE_DEBUG_INFO = NO;
				SDKROOT = iphoneos;
				VALIDATE_PRODUCT = YES;
			};
			name = Release;
		};
		AE5CDBD81B019ED30035C366 /* Debug */ = {
			isa = XCBuildConfiguration;
			buildSettings = {
				ASSETCATALOG_COMPILER_APPICON_NAME = AppIcon;
				CODE_SIGN_IDENTITY = "iPhone Developer";
				FRAMEWORK_SEARCH_PATHS = (
					"$(inherited)",
					/Users/yinh/Documents/005,
					FacebookSDK,
					/Users/yinh/Documents/005,
					FacebookSDK,
					/Users/yinh/Documents/002,
					3rd,
					Party,
					Library/005,
					FacebookSDK,
					/Users/yinh/Documents/002,
					3rd,
					Party,
					Library/005,
					FacebookSDK,
					"$(PROJECT_DIR)/IT",
					Support,
					"$(PROJECT_DIR)/IT",
					Support/Facebook,
					sdk,
					/Users/yinh/Documents/002,
					3rd,
					Party,
					Library/005,
					FacebookSDK,
					/Users/yinh/Documents/002,
					3rd,
					Party,
					Library/005,
					FacebookSDK,
					/Users/yinh/Documents/002,
					3rd,
					Party,
					Library/005,
					FacebookSDK,
					/Users/yinh/Documents/002,
					3rd,
					Party,
					Library/005,
					FacebookSDK,
					/Users/yinh/Documents/002,
					3rd,
					Party,
					Library/005,
					FacebookSDK,
					/Users/yinh/Documents/002,
					3rd,
					Party,
					Library/005,
					FacebookSDK,
					/Users/yinh/Documents/002,
					3rd,
					Party,
					Library/005,
					FacebookSDK,
					/Users/yinh/Documents/002,
					3rd,
					Party,
					Library/005,
					FacebookSDK,
					/Users/yinh/Documents/002,
					3rd,
					Party,
					Library/005,
					FacebookSDK,
					/Users/yinh/Documents/002,
					3rd,
					Party,
					Library/005,
					FacebookSDK,
					/Users/yinh/Documents/002,
					3rd,
					Party,
					Library/005,
					FacebookSDK,
					/Users/yinh/Documents/002,
					3rd,
					Party,
					Library/005,
					FacebookSDK,
					/Users/yinh/Documents/002,
					3rd,
					Party,
					Library/005,
					FacebookSDK,
					/Users/yinh/Documents/002,
					3rd,
					Party,
					Library/005,
					FacebookSDK,
					/Users/yinh/Documents/002,
					3rd,
					Party,
					Library/005,
					FacebookSDK,
					/Users/yinh/Documents/002,
					3rd,
					Party,
					Library/005,
					FacebookSDK,
					/Users/yinh/Documents/002,
					3rd,
					Party,
					Library/005,
					FacebookSDK,
					/Users/yinh/Documents/002,
					3rd,
					Party,
					Library/005,
					FacebookSDK,
					/Users/yinh/Documents/002,
					3rd,
					Party,
					Library/005,
					FacebookSDK,
					/Users/yinh/Documents/002,
					3rd,
					Party,
					Library/005,
					FacebookSDK,
					/Users/yinh/Documents/002,
					3rd,
					Party,
					Library/005,
					FacebookSDK,
					/Users/yinh/Documents/002,
					3rd,
					Party,
					Library/005,
					FacebookSDK,
					/Users/yinh/Documents/002,
					3rd,
					Party,
					Library/005,
					FacebookSDK,
					/Users/yinh/Documents/002,
					3rd,
					Party,
					Library/005,
					FacebookSDK,
					/Users/yinh/Documents/002,
					3rd,
					Party,
					Library/005,
					FacebookSDK,
					/Users/yinh/Documents/002,
					3rd,
					Party,
					Library/005,
					FacebookSDK,
					/Users/yinh/Documents/002,
					3rd,
					Party,
					Library/005,
					FacebookSDK,
					/Users/yinh/Documents/002,
					3rd,
					Party,
					Library/005,
					FacebookSDK,
					/Users/yinh/Documents/002,
					3rd,
					Party,
					Library/005,
					FacebookSDK,
					/Users/yinh/Documents/002,
					3rd,
					Party,
					Library/005,
					FacebookSDK,
					/Users/yinh/Documents/002,
					3rd,
					Party,
					Library/005,
					FacebookSDK,
					/Users/yinh/Documents/002,
					3rd,
					Party,
					Library/005,
					FacebookSDK,
					/Users/yinh/Documents/002,
					3rd,
					Party,
					Library/005,
					FacebookSDK,
					/Users/yinh/Documents/002,
					3rd,
					Party,
					Library/005,
					FacebookSDK,
					/Users/yinh/Documents/002,
					3rd,
					Party,
					Library/005,
					FacebookSDK,
					/Users/yinh/Documents/002,
					3rd,
					Party,
					Library/005,
					FacebookSDK,
					/Users/yinh/Documents/002,
					3rd,
					Party,
					Library/005,
					FacebookSDK,
					/Users/yinh/Documents/002,
					3rd,
					Party,
					Library/005,
					FacebookSDK,
					/Users/yinh/Documents/002,
					3rd,
					Party,
					Library/005,
					FacebookSDK,
					/Users/yinh/Documents/002,
					3rd,
					Party,
					Library/005,
					FacebookSDK,
				);
				INFOPLIST_FILE = "IT Support/Info.plist";
				IPHONEOS_DEPLOYMENT_TARGET = 8.0;
				LD_RUNPATH_SEARCH_PATHS = "$(inherited) @executable_path/Frameworks";
				PRODUCT_NAME = "$(TARGET_NAME)";
				TARGETED_DEVICE_FAMILY = "1,2";
			};
			name = Debug;
		};
		AE5CDBD91B019ED30035C366 /* Release */ = {
			isa = XCBuildConfiguration;
			buildSettings = {
				ASSETCATALOG_COMPILER_APPICON_NAME = AppIcon;
				CODE_SIGN_IDENTITY = "iPhone Developer";
				FRAMEWORK_SEARCH_PATHS = (
					"$(inherited)",
					/Users/yinh/Documents/005,
					FacebookSDK,
					/Users/yinh/Documents/005,
					FacebookSDK,
					/Users/yinh/Documents/002,
					3rd,
					Party,
					Library/005,
					FacebookSDK,
					/Users/yinh/Documents/002,
					3rd,
					Party,
					Library/005,
					FacebookSDK,
					"$(PROJECT_DIR)/IT",
					Support,
					"$(PROJECT_DIR)/IT",
					Support/Facebook,
					sdk,
					/Users/yinh/Documents/002,
					3rd,
					Party,
					Library/005,
					FacebookSDK,
					/Users/yinh/Documents/002,
					3rd,
					Party,
					Library/005,
					FacebookSDK,
					/Users/yinh/Documents/002,
					3rd,
					Party,
					Library/005,
					FacebookSDK,
					/Users/yinh/Documents/002,
					3rd,
					Party,
					Library/005,
					FacebookSDK,
					/Users/yinh/Documents/002,
					3rd,
					Party,
					Library/005,
					FacebookSDK,
					/Users/yinh/Documents/002,
					3rd,
					Party,
					Library/005,
					FacebookSDK,
					/Users/yinh/Documents/002,
					3rd,
					Party,
					Library/005,
					FacebookSDK,
					/Users/yinh/Documents/002,
					3rd,
					Party,
					Library/005,
					FacebookSDK,
					/Users/yinh/Documents/002,
					3rd,
					Party,
					Library/005,
					FacebookSDK,
					/Users/yinh/Documents/002,
					3rd,
					Party,
					Library/005,
					FacebookSDK,
					/Users/yinh/Documents/002,
					3rd,
					Party,
					Library/005,
					FacebookSDK,
					/Users/yinh/Documents/002,
					3rd,
					Party,
					Library/005,
					FacebookSDK,
					/Users/yinh/Documents/002,
					3rd,
					Party,
					Library/005,
					FacebookSDK,
					/Users/yinh/Documents/002,
					3rd,
					Party,
					Library/005,
					FacebookSDK,
					/Users/yinh/Documents/002,
					3rd,
					Party,
					Library/005,
					FacebookSDK,
					/Users/yinh/Documents/002,
					3rd,
					Party,
					Library/005,
					FacebookSDK,
					/Users/yinh/Documents/002,
					3rd,
					Party,
					Library/005,
					FacebookSDK,
					/Users/yinh/Documents/002,
					3rd,
					Party,
					Library/005,
					FacebookSDK,
					/Users/yinh/Documents/002,
					3rd,
					Party,
					Library/005,
					FacebookSDK,
					/Users/yinh/Documents/002,
					3rd,
					Party,
					Library/005,
					FacebookSDK,
					/Users/yinh/Documents/002,
					3rd,
					Party,
					Library/005,
					FacebookSDK,
					/Users/yinh/Documents/002,
					3rd,
					Party,
					Library/005,
					FacebookSDK,
					/Users/yinh/Documents/002,
					3rd,
					Party,
					Library/005,
					FacebookSDK,
					/Users/yinh/Documents/002,
					3rd,
					Party,
					Library/005,
					FacebookSDK,
					/Users/yinh/Documents/002,
					3rd,
					Party,
					Library/005,
					FacebookSDK,
					/Users/yinh/Documents/002,
					3rd,
					Party,
					Library/005,
					FacebookSDK,
					/Users/yinh/Documents/002,
					3rd,
					Party,
					Library/005,
					FacebookSDK,
					/Users/yinh/Documents/002,
					3rd,
					Party,
					Library/005,
					FacebookSDK,
					/Users/yinh/Documents/002,
					3rd,
					Party,
					Library/005,
					FacebookSDK,
					/Users/yinh/Documents/002,
					3rd,
					Party,
					Library/005,
					FacebookSDK,
					/Users/yinh/Documents/002,
					3rd,
					Party,
					Library/005,
					FacebookSDK,
					/Users/yinh/Documents/002,
					3rd,
					Party,
					Library/005,
					FacebookSDK,
					/Users/yinh/Documents/002,
					3rd,
					Party,
					Library/005,
					FacebookSDK,
					/Users/yinh/Documents/002,
					3rd,
					Party,
					Library/005,
					FacebookSDK,
					/Users/yinh/Documents/002,
					3rd,
					Party,
					Library/005,
					FacebookSDK,
					/Users/yinh/Documents/002,
					3rd,
					Party,
					Library/005,
					FacebookSDK,
					/Users/yinh/Documents/002,
					3rd,
					Party,
					Library/005,
					FacebookSDK,
					/Users/yinh/Documents/002,
					3rd,
					Party,
					Library/005,
					FacebookSDK,
					/Users/yinh/Documents/002,
					3rd,
					Party,
					Library/005,
					FacebookSDK,
					/Users/yinh/Documents/002,
					3rd,
					Party,
					Library/005,
					FacebookSDK,
				);
				INFOPLIST_FILE = "IT Support/Info.plist";
				IPHONEOS_DEPLOYMENT_TARGET = 8.0;
				LD_RUNPATH_SEARCH_PATHS = "$(inherited) @executable_path/Frameworks";
				PRODUCT_NAME = "$(TARGET_NAME)";
				TARGETED_DEVICE_FAMILY = "1,2";
			};
			name = Release;
		};
		AE5CDBDB1B019ED30035C366 /* Debug */ = {
			isa = XCBuildConfiguration;
			buildSettings = {
				BUNDLE_LOADER = "$(TEST_HOST)";
				FRAMEWORK_SEARCH_PATHS = (
					"$(SDKROOT)/Developer/Library/Frameworks",
					"$(inherited)",
				);
				GCC_PREPROCESSOR_DEFINITIONS = (
					"DEBUG=1",
					"$(inherited)",
				);
				INFOPLIST_FILE = "IT SupportTests/Info.plist";
				LD_RUNPATH_SEARCH_PATHS = "$(inherited) @executable_path/Frameworks @loader_path/Frameworks";
				PRODUCT_NAME = "$(TARGET_NAME)";
				TEST_HOST = "$(BUILT_PRODUCTS_DIR)/IT Support.app/IT Support";
			};
			name = Debug;
		};
		AE5CDBDC1B019ED30035C366 /* Release */ = {
			isa = XCBuildConfiguration;
			buildSettings = {
				BUNDLE_LOADER = "$(TEST_HOST)";
				FRAMEWORK_SEARCH_PATHS = (
					"$(SDKROOT)/Developer/Library/Frameworks",
					"$(inherited)",
				);
				INFOPLIST_FILE = "IT SupportTests/Info.plist";
				LD_RUNPATH_SEARCH_PATHS = "$(inherited) @executable_path/Frameworks @loader_path/Frameworks";
				PRODUCT_NAME = "$(TARGET_NAME)";
				TEST_HOST = "$(BUILT_PRODUCTS_DIR)/IT Support.app/IT Support";
			};
			name = Release;
		};
/* End XCBuildConfiguration section */

/* Begin XCConfigurationList section */
		AE5CDBAC1B019ED30035C366 /* Build configuration list for PBXProject "IT Support" */ = {
			isa = XCConfigurationList;
			buildConfigurations = (
				AE5CDBD51B019ED30035C366 /* Debug */,
				AE5CDBD61B019ED30035C366 /* Release */,
			);
			defaultConfigurationIsVisible = 0;
			defaultConfigurationName = Release;
		};
		AE5CDBD71B019ED30035C366 /* Build configuration list for PBXNativeTarget "IT Support" */ = {
			isa = XCConfigurationList;
			buildConfigurations = (
				AE5CDBD81B019ED30035C366 /* Debug */,
				AE5CDBD91B019ED30035C366 /* Release */,
			);
			defaultConfigurationIsVisible = 0;
			defaultConfigurationName = Release;
		};
		AE5CDBDA1B019ED30035C366 /* Build configuration list for PBXNativeTarget "IT SupportTests" */ = {
			isa = XCConfigurationList;
			buildConfigurations = (
				AE5CDBDB1B019ED30035C366 /* Debug */,
				AE5CDBDC1B019ED30035C366 /* Release */,
			);
			defaultConfigurationIsVisible = 0;
			defaultConfigurationName = Release;
		};
/* End XCConfigurationList section */

/* Begin XCVersionGroup section */
		AE5CDBBB1B019ED30035C366 /* IT_Support.xcdatamodeld */ = {
			isa = XCVersionGroup;
			children = (
				AE5CDBBC1B019ED30035C366 /* IT_Support.xcdatamodel */,
			);
			currentVersion = AE5CDBBC1B019ED30035C366 /* IT_Support.xcdatamodel */;
			path = IT_Support.xcdatamodeld;
			sourceTree = "<group>";
			versionGroupType = wrapper.xcdatamodel;
		};
/* End XCVersionGroup section */
	};
	rootObject = AE5CDBA91B019ED30035C366 /* Project object */;
}
